
Microsoft Visual Studio Solution File, Format Version 12.00
# Visual Studio Version 16
VisualStudioVersion = 16.0.31829.152
MinimumVisualStudioVersion = 10.0.40219.1
Project("{FAE04EC0-301F-11D3-BF4B-00C04F79EFBC}") = "Homework", "Homework\Homework.csproj", "{71CA1EE3-156D-4CC1-B02C-38278823412E}"
EndProject
Global
	GlobalSection(SolutionConfigurationPlatforms) = preSolution
		Debug|Any CPU = Debug|Any CPU
		Release|Any CPU = Release|Any CPU
	EndGlobalSection
	GlobalSection(ProjectConfigurationPlatforms) = postSolution
		{71CA1EE3-156D-4CC1-B02C-38278823412E}.Debug|Any CPU.ActiveCfg = Debug|Any CPU
		{71CA1EE3-156D-4CC1-B02C-38278823412E}.Debug|Any CPU.Build.0 = Debug|Any CPU
		{71CA1EE3-156D-4CC1-B02C-38278823412E}.Release|Any CPU.ActiveCfg = Release|Any CPU
		{71CA1EE3-156D-4CC1-B02C-38278823412E}.Release|Any CPU.Build.0 = Release|Any CPU
	EndGlobalSection
	GlobalSection(SolutionProperties) = preSolution
		HideSolutionNode = FALSE
	EndGlobalSection
	GlobalSection(ExtensibilityGlobals) = postSolution
		SolutionGuid = {94B4F226-04A8-4C7E-A64A-5068F238103E}
	EndGlobalSection
EndGlobal
